// !$*UTF8*$!
{
	archiveVersion = 1;
	classes = {
	};
	objectVersion = 55;
	objects = {

/* Begin PBXBuildFile section */
		9315CE2D28132F56006E8E22 /* SpeechBubble.swift in Sources */ = {isa = PBXBuildFile; fileRef = 9315CE2C28132F56006E8E22 /* SpeechBubble.swift */; };
		9333D31D281ED1C7002A431F /* SettingsView.swift in Sources */ = {isa = PBXBuildFile; fileRef = 9333D31C281ED1C6002A431F /* SettingsView.swift */; };
		9351053A284FFA5D00C00C72 /* TextView in Frameworks */ = {isa = PBXBuildFile; productRef = 93510539284FFA5D00C00C72 /* TextView */; };
		935CA4A828304B0200EE2F71 /* CustomExtensions.swift in Sources */ = {isa = PBXBuildFile; fileRef = 935CA4A728304B0200EE2F71 /* CustomExtensions.swift */; };
		93A7A31E284FF3EE006FFC0A /* Introspect in Frameworks */ = {isa = PBXBuildFile; productRef = 93A7A31D284FF3EE006FFC0A /* Introspect */; };
		93A7A320284FF96B006FFC0A /* TextView.swift in Sources */ = {isa = PBXBuildFile; fileRef = 93A7A31F284FF96A006FFC0A /* TextView.swift */; };
		93DFC3C0280AD8D70091F5E2 /* BeagleApp.swift in Sources */ = {isa = PBXBuildFile; fileRef = 93DFC3BF280AD8D70091F5E2 /* BeagleApp.swift */; };
		93DFC3C2280AD8D70091F5E2 /* ContentView.swift in Sources */ = {isa = PBXBuildFile; fileRef = 93DFC3C1280AD8D70091F5E2 /* ContentView.swift */; };
		93DFC3C4280AD8E00091F5E2 /* Assets.xcassets in Resources */ = {isa = PBXBuildFile; fileRef = 93DFC3C3280AD8E00091F5E2 /* Assets.xcassets */; };
		93DFC3C7280AD8E00091F5E2 /* Preview Assets.xcassets in Resources */ = {isa = PBXBuildFile; fileRef = 93DFC3C6280AD8E00091F5E2 /* Preview Assets.xcassets */; };
/* End PBXBuildFile section */

/* Begin PBXFileReference section */
		9315CE2C28132F56006E8E22 /* SpeechBubble.swift */ = {isa = PBXFileReference; lastKnownFileType = sourcecode.swift; path = SpeechBubble.swift; sourceTree = "<group>"; };
		9333D31C281ED1C6002A431F /* SettingsView.swift */ = {isa = PBXFileReference; lastKnownFileType = sourcecode.swift; path = SettingsView.swift; sourceTree = "<group>"; };
		935CA4A728304B0200EE2F71 /* CustomExtensions.swift */ = {isa = PBXFileReference; lastKnownFileType = sourcecode.swift; path = CustomExtensions.swift; sourceTree = "<group>"; };
		93A7A31F284FF96A006FFC0A /* TextView.swift */ = {isa = PBXFileReference; lastKnownFileType = sourcecode.swift; path = TextView.swift; sourceTree = "<group>"; };
		93DFC3BC280AD8D70091F5E2 /* Beagle.app */ = {isa = PBXFileReference; explicitFileType = wrapper.application; includeInIndex = 0; path = Beagle.app; sourceTree = BUILT_PRODUCTS_DIR; };
		93DFC3BF280AD8D70091F5E2 /* BeagleApp.swift */ = {isa = PBXFileReference; lastKnownFileType = sourcecode.swift; path = BeagleApp.swift; sourceTree = "<group>"; };
		93DFC3C1280AD8D70091F5E2 /* ContentView.swift */ = {isa = PBXFileReference; lastKnownFileType = sourcecode.swift; path = ContentView.swift; sourceTree = "<group>"; };
		93DFC3C3280AD8E00091F5E2 /* Assets.xcassets */ = {isa = PBXFileReference; lastKnownFileType = folder.assetcatalog; path = Assets.xcassets; sourceTree = "<group>"; };
		93DFC3C6280AD8E00091F5E2 /* Preview Assets.xcassets */ = {isa = PBXFileReference; lastKnownFileType = folder.assetcatalog; path = "Preview Assets.xcassets"; sourceTree = "<group>"; };
/* End PBXFileReference section */

/* Begin PBXFrameworksBuildPhase section */
		93DFC3B9280AD8D70091F5E2 /* Frameworks */ = {
			isa = PBXFrameworksBuildPhase;
			buildActionMask = 2147483647;
			files = (
				9351053A284FFA5D00C00C72 /* TextView in Frameworks */,
				93A7A31E284FF3EE006FFC0A /* Introspect in Frameworks */,
			);
			runOnlyForDeploymentPostprocessing = 0;
		};
/* End PBXFrameworksBuildPhase section */

/* Begin PBXGroup section */
		93DFC3B3280AD8D70091F5E2 = {
			isa = PBXGroup;
			children = (
				93DFC3BE280AD8D70091F5E2 /* Beagle */,
				93DFC3BD280AD8D70091F5E2 /* Products */,
			);
			sourceTree = "<group>";
		};
		93DFC3BD280AD8D70091F5E2 /* Products */ = {
			isa = PBXGroup;
			children = (
				93DFC3BC280AD8D70091F5E2 /* Beagle.app */,
			);
			name = Products;
			sourceTree = "<group>";
		};
		93DFC3BE280AD8D70091F5E2 /* Beagle */ = {
			isa = PBXGroup;
			children = (
				935CA4A728304B0200EE2F71 /* CustomExtensions.swift */,
				9333D31C281ED1C6002A431F /* SettingsView.swift */,
				93DFC3BF280AD8D70091F5E2 /* BeagleApp.swift */,
				93DFC3C1280AD8D70091F5E2 /* ContentView.swift */,
				9315CE2C28132F56006E8E22 /* SpeechBubble.swift */,
				93DFC3C3280AD8E00091F5E2 /* Assets.xcassets */,
				93DFC3C5280AD8E00091F5E2 /* Preview Content */,
				93A7A31F284FF96A006FFC0A /* TextView.swift */,
			);
			path = Beagle;
			sourceTree = "<group>";
		};
		93DFC3C5280AD8E00091F5E2 /* Preview Content */ = {
			isa = PBXGroup;
			children = (
				93DFC3C6280AD8E00091F5E2 /* Preview Assets.xcassets */,
			);
			path = "Preview Content";
			sourceTree = "<group>";
		};
/* End PBXGroup section */

/* Begin PBXNativeTarget section */
		93DFC3BB280AD8D70091F5E2 /* Beagle */ = {
			isa = PBXNativeTarget;
			buildConfigurationList = 93DFC3CA280AD8E00091F5E2 /* Build configuration list for PBXNativeTarget "Beagle" */;
			buildPhases = (
				93DFC3B8280AD8D70091F5E2 /* Sources */,
				93DFC3B9280AD8D70091F5E2 /* Frameworks */,
				93DFC3BA280AD8D70091F5E2 /* Resources */,
			);
			buildRules = (
			);
			dependencies = (
			);
			name = Beagle;
			packageProductDependencies = (
				93A7A31D284FF3EE006FFC0A /* Introspect */,
				93510539284FFA5D00C00C72 /* TextView */,
			);
			productName = Beagle;
			productReference = 93DFC3BC280AD8D70091F5E2 /* Beagle.app */;
			productType = "com.apple.product-type.application";
		};
/* End PBXNativeTarget section */

/* Begin PBXProject section */
		93DFC3B4280AD8D70091F5E2 /* Project object */ = {
			isa = PBXProject;
			attributes = {
				BuildIndependentTargetsInParallel = 1;
				LastSwiftUpdateCheck = 1330;
				LastUpgradeCheck = 1330;
				TargetAttributes = {
					93DFC3BB280AD8D70091F5E2 = {
						CreatedOnToolsVersion = 13.3;
					};
				};
			};
			buildConfigurationList = 93DFC3B7280AD8D70091F5E2 /* Build configuration list for PBXProject "Beagle" */;
			compatibilityVersion = "Xcode 13.0";
			developmentRegion = en;
			hasScannedForEncodings = 0;
			knownRegions = (
				en,
				Base,
			);
			mainGroup = 93DFC3B3280AD8D70091F5E2;
			packageReferences = (
				93A7A31C284FF3EE006FFC0A /* XCRemoteSwiftPackageReference "SwiftUI-Introspect" */,
				93510538284FFA5D00C00C72 /* XCRemoteSwiftPackageReference "TextView" */,
			);
			productRefGroup = 93DFC3BD280AD8D70091F5E2 /* Products */;
			projectDirPath = "";
			projectRoot = "";
			targets = (
				93DFC3BB280AD8D70091F5E2 /* Beagle */,
			);
		};
/* End PBXProject section */

/* Begin PBXResourcesBuildPhase section */
		93DFC3BA280AD8D70091F5E2 /* Resources */ = {
			isa = PBXResourcesBuildPhase;
			buildActionMask = 2147483647;
			files = (
				93DFC3C7280AD8E00091F5E2 /* Preview Assets.xcassets in Resources */,
				93DFC3C4280AD8E00091F5E2 /* Assets.xcassets in Resources */,
			);
			runOnlyForDeploymentPostprocessing = 0;
		};
/* End PBXResourcesBuildPhase section */

/* Begin PBXSourcesBuildPhase section */
		93DFC3B8280AD8D70091F5E2 /* Sources */ = {
			isa = PBXSourcesBuildPhase;
			buildActionMask = 2147483647;
			files = (
				93DFC3C2280AD8D70091F5E2 /* ContentView.swift in Sources */,
				9333D31D281ED1C7002A431F /* SettingsView.swift in Sources */,
				935CA4A828304B0200EE2F71 /* CustomExtensions.swift in Sources */,
				93A7A320284FF96B006FFC0A /* TextView.swift in Sources */,
				9315CE2D28132F56006E8E22 /* SpeechBubble.swift in Sources */,
				93DFC3C0280AD8D70091F5E2 /* BeagleApp.swift in Sources */,
			);
			runOnlyForDeploymentPostprocessing = 0;
		};
/* End PBXSourcesBuildPhase section */

/* Begin XCBuildConfiguration section */
		93DFC3C8280AD8E00091F5E2 /* Debug */ = {
			isa = XCBuildConfiguration;
			buildSettings = {
				ALWAYS_SEARCH_USER_PATHS = NO;
				CLANG_ANALYZER_NONNULL = YES;
				CLANG_ANALYZER_NUMBER_OBJECT_CONVERSION = YES_AGGRESSIVE;
				CLANG_CXX_LANGUAGE_STANDARD = "gnu++17";
				CLANG_ENABLE_MODULES = YES;
				CLANG_ENABLE_OBJC_ARC = YES;
				CLANG_ENABLE_OBJC_WEAK = YES;
				CLANG_WARN_BLOCK_CAPTURE_AUTORELEASING = YES;
				CLANG_WARN_BOOL_CONVERSION = YES;
				CLANG_WARN_COMMA = YES;
				CLANG_WARN_CONSTANT_CONVERSION = YES;
				CLANG_WARN_DEPRECATED_OBJC_IMPLEMENTATIONS = YES;
				CLANG_WARN_DIRECT_OBJC_ISA_USAGE = YES_ERROR;
				CLANG_WARN_DOCUMENTATION_COMMENTS = YES;
				CLANG_WARN_EMPTY_BODY = YES;
				CLANG_WARN_ENUM_CONVERSION = YES;
				CLANG_WARN_INFINITE_RECURSION = YES;
				CLANG_WARN_INT_CONVERSION = YES;
				CLANG_WARN_NON_LITERAL_NULL_CONVERSION = YES;
				CLANG_WARN_OBJC_IMPLICIT_RETAIN_SELF = YES;
				CLANG_WARN_OBJC_LITERAL_CONVERSION = YES;
				CLANG_WARN_OBJC_ROOT_CLASS = YES_ERROR;
				CLANG_WARN_QUOTED_INCLUDE_IN_FRAMEWORK_HEADER = YES;
				CLANG_WARN_RANGE_LOOP_ANALYSIS = YES;
				CLANG_WARN_STRICT_PROTOTYPES = YES;
				CLANG_WARN_SUSPICIOUS_MOVE = YES;
				CLANG_WARN_UNGUARDED_AVAILABILITY = YES_AGGRESSIVE;
				CLANG_WARN_UNREACHABLE_CODE = YES;
				CLANG_WARN__DUPLICATE_METHOD_MATCH = YES;
				COPY_PHASE_STRIP = NO;
				DEBUG_INFORMATION_FORMAT = dwarf;
				ENABLE_STRICT_OBJC_MSGSEND = YES;
				ENABLE_TESTABILITY = YES;
				GCC_C_LANGUAGE_STANDARD = gnu11;
				GCC_DYNAMIC_NO_PIC = NO;
				GCC_NO_COMMON_BLOCKS = YES;
				GCC_OPTIMIZATION_LEVEL = 0;
				GCC_PREPROCESSOR_DEFINITIONS = (
					"DEBUG=1",
					"$(inherited)",
				);
				GCC_WARN_64_TO_32_BIT_CONVERSION = YES;
				GCC_WARN_ABOUT_RETURN_TYPE = YES_ERROR;
				GCC_WARN_UNDECLARED_SELECTOR = YES;
				GCC_WARN_UNINITIALIZED_AUTOS = YES_AGGRESSIVE;
				GCC_WARN_UNUSED_FUNCTION = YES;
				GCC_WARN_UNUSED_VARIABLE = YES;
				IPHONEOS_DEPLOYMENT_TARGET = 16.0;
				MTL_ENABLE_DEBUG_INFO = INCLUDE_SOURCE;
				MTL_FAST_MATH = YES;
				ONLY_ACTIVE_ARCH = YES;
				SDKROOT = iphoneos;
				SWIFT_ACTIVE_COMPILATION_CONDITIONS = DEBUG;
				SWIFT_OPTIMIZATION_LEVEL = "-Onone";
			};
			name = Debug;
		};
		93DFC3C9280AD8E00091F5E2 /* Release */ = {
			isa = XCBuildConfiguration;
			buildSettings = {
				ALWAYS_SEARCH_USER_PATHS = NO;
				CLANG_ANALYZER_NONNULL = YES;
				CLANG_ANALYZER_NUMBER_OBJECT_CONVERSION = YES_AGGRESSIVE;
				CLANG_CXX_LANGUAGE_STANDARD = "gnu++17";
				CLANG_ENABLE_MODULES = YES;
				CLANG_ENABLE_OBJC_ARC = YES;
				CLANG_ENABLE_OBJC_WEAK = YES;
				CLANG_WARN_BLOCK_CAPTURE_AUTORELEASING = YES;
				CLANG_WARN_BOOL_CONVERSION = YES;
				CLANG_WARN_COMMA = YES;
				CLANG_WARN_CONSTANT_CONVERSION = YES;
				CLANG_WARN_DEPRECATED_OBJC_IMPLEMENTATIONS = YES;
				CLANG_WARN_DIRECT_OBJC_ISA_USAGE = YES_ERROR;
				CLANG_WARN_DOCUMENTATION_COMMENTS = YES;
				CLANG_WARN_EMPTY_BODY = YES;
				CLANG_WARN_ENUM_CONVERSION = YES;
				CLANG_WARN_INFINITE_RECURSION = YES;
				CLANG_WARN_INT_CONVERSION = YES;
				CLANG_WARN_NON_LITERAL_NULL_CONVERSION = YES;
				CLANG_WARN_OBJC_IMPLICIT_RETAIN_SELF = YES;
				CLANG_WARN_OBJC_LITERAL_CONVERSION = YES;
				CLANG_WARN_OBJC_ROOT_CLASS = YES_ERROR;
				CLANG_WARN_QUOTED_INCLUDE_IN_FRAMEWORK_HEADER = YES;
				CLANG_WARN_RANGE_LOOP_ANALYSIS = YES;
				CLANG_WARN_STRICT_PROTOTYPES = YES;
				CLANG_WARN_SUSPICIOUS_MOVE = YES;
				CLANG_WARN_UNGUARDED_AVAILABILITY = YES_AGGRESSIVE;
				CLANG_WARN_UNREACHABLE_CODE = YES;
				CLANG_WARN__DUPLICATE_METHOD_MATCH = YES;
				COPY_PHASE_STRIP = NO;
				DEBUG_INFORMATION_FORMAT = "dwarf-with-dsym";
				ENABLE_NS_ASSERTIONS = NO;
				ENABLE_STRICT_OBJC_MSGSEND = YES;
				GCC_C_LANGUAGE_STANDARD = gnu11;
				GCC_NO_COMMON_BLOCKS = YES;
				GCC_WARN_64_TO_32_BIT_CONVERSION = YES;
				GCC_WARN_ABOUT_RETURN_TYPE = YES_ERROR;
				GCC_WARN_UNDECLARED_SELECTOR = YES;
				GCC_WARN_UNINITIALIZED_AUTOS = YES_AGGRESSIVE;
				GCC_WARN_UNUSED_FUNCTION = YES;
				GCC_WARN_UNUSED_VARIABLE = YES;
				IPHONEOS_DEPLOYMENT_TARGET = 16.0;
				MTL_ENABLE_DEBUG_INFO = NO;
				MTL_FAST_MATH = YES;
				SDKROOT = iphoneos;
				SWIFT_COMPILATION_MODE = wholemodule;
				SWIFT_OPTIMIZATION_LEVEL = "-O";
				VALIDATE_PRODUCT = YES;
			};
			name = Release;
		};
		93DFC3CB280AD8E00091F5E2 /* Debug */ = {
			isa = XCBuildConfiguration;
			buildSettings = {
				ASSETCATALOG_COMPILER_APPICON_NAME = AppIcon;
				ASSETCATALOG_COMPILER_GLOBAL_ACCENT_COLOR_NAME = AccentColor;
				CODE_SIGN_STYLE = Automatic;
				CURRENT_PROJECT_VERSION = 1;
				DEVELOPMENT_ASSET_PATHS = "\"Beagle/Preview Content\"";
				DEVELOPMENT_TEAM = 4H436UPVRV;
				ENABLE_PREVIEWS = YES;
				GENERATE_INFOPLIST_FILE = YES;
				INFOPLIST_KEY_UIApplicationSceneManifest_Generation = YES;
				INFOPLIST_KEY_UIApplicationSupportsIndirectInputEvents = YES;
				INFOPLIST_KEY_UILaunchScreen_Generation = YES;
				INFOPLIST_KEY_UISupportedInterfaceOrientations_iPad = "UIInterfaceOrientationPortrait UIInterfaceOrientationPortraitUpsideDown UIInterfaceOrientationLandscapeLeft UIInterfaceOrientationLandscapeRight";
				INFOPLIST_KEY_UISupportedInterfaceOrientations_iPhone = "UIInterfaceOrientationPortrait UIInterfaceOrientationLandscapeLeft UIInterfaceOrientationLandscapeRight";
				LD_RUNPATH_SEARCH_PATHS = (
					"$(inherited)",
					"@executable_path/Frameworks",
				);
				MARKETING_VERSION = 1.0;
				PRODUCT_BUNDLE_IDENTIFIER = me.brown.scott.Beagle;
				PRODUCT_NAME = "$(TARGET_NAME)";
				SWIFT_EMIT_LOC_STRINGS = YES;
				SWIFT_VERSION = 5.0;
				TARGETED_DEVICE_FAMILY = "1,2";
			};
			name = Debug;
		};
		93DFC3CC280AD8E00091F5E2 /* Release */ = {
			isa = XCBuildConfiguration;
			buildSettings = {
				ASSETCATALOG_COMPILER_APPICON_NAME = AppIcon;
				ASSETCATALOG_COMPILER_GLOBAL_ACCENT_COLOR_NAME = AccentColor;
				CODE_SIGN_STYLE = Automatic;
				CURRENT_PROJECT_VERSION = 1;
				DEVELOPMENT_ASSET_PATHS = "\"Beagle/Preview Content\"";
				DEVELOPMENT_TEAM = 4H436UPVRV;
				ENABLE_PREVIEWS = YES;
				GENERATE_INFOPLIST_FILE = YES;
				INFOPLIST_KEY_UIApplicationSceneManifest_Generation = YES;
				INFOPLIST_KEY_UIApplicationSupportsIndirectInputEvents = YES;
				INFOPLIST_KEY_UILaunchScreen_Generation = YES;
				INFOPLIST_KEY_UISupportedInterfaceOrientations_iPad = "UIInterfaceOrientationPortrait UIInterfaceOrientationPortraitUpsideDown UIInterfaceOrientationLandscapeLeft UIInterfaceOrientationLandscapeRight";
				INFOPLIST_KEY_UISupportedInterfaceOrientations_iPhone = "UIInterfaceOrientationPortrait UIInterfaceOrientationLandscapeLeft UIInterfaceOrientationLandscapeRight";
				LD_RUNPATH_SEARCH_PATHS = (
					"$(inherited)",
					"@executable_path/Frameworks",
				);
				MARKETING_VERSION = 1.0;
				PRODUCT_BUNDLE_IDENTIFIER = me.brown.scott.Beagle;
				PRODUCT_NAME = "$(TARGET_NAME)";
				SWIFT_EMIT_LOC_STRINGS = YES;
				SWIFT_VERSION = 5.0;
				TARGETED_DEVICE_FAMILY = "1,2";
			};
			name = Release;
		};
/* End XCBuildConfiguration section */

/* Begin XCConfigurationList section */
		93DFC3B7280AD8D70091F5E2 /* Build configuration list for PBXProject "Beagle" */ = {
			isa = XCConfigurationList;
			buildConfigurations = (
				93DFC3C8280AD8E00091F5E2 /* Debug */,
				93DFC3C9280AD8E00091F5E2 /* Release */,
			);
			defaultConfigurationIsVisible = 0;
			defaultConfigurationName = Release;
		};
		93DFC3CA280AD8E00091F5E2 /* Build configuration list for PBXNativeTarget "Beagle" */ = {
			isa = XCConfigurationList;
			buildConfigurations = (
				93DFC3CB280AD8E00091F5E2 /* Debug */,
				93DFC3CC280AD8E00091F5E2 /* Release */,
			);
			defaultConfigurationIsVisible = 0;
			defaultConfigurationName = Release;
		};
/* End XCConfigurationList section */

/* Begin XCRemoteSwiftPackageReference section */
		93510538284FFA5D00C00C72 /* XCRemoteSwiftPackageReference "TextView" */ = {
			isa = XCRemoteSwiftPackageReference;
			repositoryURL = "https://github.com/SwiftUI-Plus/TextView.git";
			requirement = {
				kind = upToNextMajorVersion;
				minimumVersion = 1.0.0;
			};
		};
		93A7A31C284FF3EE006FFC0A /* XCRemoteSwiftPackageReference "SwiftUI-Introspect" */ = {
			isa = XCRemoteSwiftPackageReference;
			repositoryURL = "https://github.com/siteline/SwiftUI-Introspect.git";
			requirement = {
				kind = upToNextMajorVersion;
				minimumVersion = 0.1.4;
			};
		};
/* End XCRemoteSwiftPackageReference section */

/* Begin XCSwiftPackageProductDependency section */
		93510539284FFA5D00C00C72 /* TextView */ = {
			isa = XCSwiftPackageProductDependency;
			package = 93510538284FFA5D00C00C72 /* XCRemoteSwiftPackageReference "TextView" */;
			productName = TextView;
		};
		93A7A31D284FF3EE006FFC0A /* Introspect */ = {
			isa = XCSwiftPackageProductDependency;
			package = 93A7A31C284FF3EE006FFC0A /* XCRemoteSwiftPackageReference "SwiftUI-Introspect" */;
			productName = Introspect;
		};
/* End XCSwiftPackageProductDependency section */
	};
	rootObject = 93DFC3B4280AD8D70091F5E2 /* Project object */;
}
